
Microsoft Visual Studio Solution File, Format Version 12.00
# Visual Studio 15
VisualStudioVersion = 15.0.26124.0
MinimumVisualStudioVersion = 15.0.26124.0
Project("{2150E333-8FDC-42A3-9474-1A3956D46DE8}") = "src", "src", "{98872686-235C-4B50-9947-87BE08DCC387}"
EndProject
Project("{FAE04EC0-301F-11D3-BF4B-00C04F79EFBC}") = "SimpleAPI", "src\SimpleAPI\SimpleAPI.csproj", "{F1EEEF38-27B5-482B-BB46-CEB5CAD20581}"
EndProject
Project("{2150E333-8FDC-42A3-9474-1A3956D46DE8}") = "test", "test", "{394445B2-788A-4DAC-9478-2D7B6352EE12}"
EndProject
Project("{FAE04EC0-301F-11D3-BF4B-00C04F79EFBC}") = "SimpleAPI.Tests", "test\SimpleAPI.Tests\SimpleAPI.Tests.csproj", "{5225044A-B0E0-4200-B314-52EA02681DF7}"
EndProject
Global
	GlobalSection(SolutionConfigurationPlatforms) = preSolution
		Debug|Any CPU = Debug|Any CPU
		Debug|x64 = Debug|x64
		Debug|x86 = Debug|x86
		Release|Any CPU = Release|Any CPU
		Release|x64 = Release|x64
		Release|x86 = Release|x86
	EndGlobalSection
	GlobalSection(SolutionProperties) = preSolution
		HideSolutionNode = FALSE
	EndGlobalSection
	GlobalSection(ProjectConfigurationPlatforms) = postSolution
		{F1EEEF38-27B5-482B-BB46-CEB5CAD20581}.Debug|Any CPU.ActiveCfg = Debug|Any CPU
		{F1EEEF38-27B5-482B-BB46-CEB5CAD20581}.Debug|Any CPU.Build.0 = Debug|Any CPU
		{F1EEEF38-27B5-482B-BB46-CEB5CAD20581}.Debug|x64.ActiveCfg = Debug|Any CPU
		{F1EEEF38-27B5-482B-BB46-CEB5CAD20581}.Debug|x64.Build.0 = Debug|Any CPU
		{F1EEEF38-27B5-482B-BB46-CEB5CAD20581}.Debug|x86.ActiveCfg = Debug|Any CPU
		{F1EEEF38-27B5-482B-BB46-CEB5CAD20581}.Debug|x86.Build.0 = Debug|Any CPU
		{F1EEEF38-27B5-482B-BB46-CEB5CAD20581}.Release|Any CPU.ActiveCfg = Release|Any CPU
		{F1EEEF38-27B5-482B-BB46-CEB5CAD20581}.Release|Any CPU.Build.0 = Release|Any CPU
		{F1EEEF38-27B5-482B-BB46-CEB5CAD20581}.Release|x64.ActiveCfg = Release|Any CPU
		{F1EEEF38-27B5-482B-BB46-CEB5CAD20581}.Release|x64.Build.0 = Release|Any CPU
		{F1EEEF38-27B5-482B-BB46-CEB5CAD20581}.Release|x86.ActiveCfg = Release|Any CPU
		{F1EEEF38-27B5-482B-BB46-CEB5CAD20581}.Release|x86.Build.0 = Release|Any CPU
		{5225044A-B0E0-4200-B314-52EA02681DF7}.Debug|Any CPU.ActiveCfg = Debug|Any CPU
		{5225044A-B0E0-4200-B314-52EA02681DF7}.Debug|Any CPU.Build.0 = Debug|Any CPU
		{5225044A-B0E0-4200-B314-52EA02681DF7}.Debug|x64.ActiveCfg = Debug|Any CPU
		{5225044A-B0E0-4200-B314-52EA02681DF7}.Debug|x64.Build.0 = Debug|Any CPU
		{5225044A-B0E0-4200-B314-52EA02681DF7}.Debug|x86.ActiveCfg = Debug|Any CPU
		{5225044A-B0E0-4200-B314-52EA02681DF7}.Debug|x86.Build.0 = Debug|Any CPU
		{5225044A-B0E0-4200-B314-52EA02681DF7}.Release|Any CPU.ActiveCfg = Release|Any CPU
		{5225044A-B0E0-4200-B314-52EA02681DF7}.Release|Any CPU.Build.0 = Release|Any CPU
		{5225044A-B0E0-4200-B314-52EA02681DF7}.Release|x64.ActiveCfg = Release|Any CPU
		{5225044A-B0E0-4200-B314-52EA02681DF7}.Release|x64.Build.0 = Release|Any CPU
		{5225044A-B0E0-4200-B314-52EA02681DF7}.Release|x86.ActiveCfg = Release|Any CPU
		{5225044A-B0E0-4200-B314-52EA02681DF7}.Release|x86.Build.0 = Release|Any CPU
	EndGlobalSection
	GlobalSection(NestedProjects) = preSolution
		{F1EEEF38-27B5-482B-BB46-CEB5CAD20581} = {98872686-235C-4B50-9947-87BE08DCC387}
		{5225044A-B0E0-4200-B314-52EA02681DF7} = {394445B2-788A-4DAC-9478-2D7B6352EE12}
	EndGlobalSection
EndGlobal
